<?xml version="1.0" encoding="utf-8"?>
<Project ToolsVersion="4.0" xmlns="http://schemas.microsoft.com/developer/msbuild/2003">
  <ItemGroup>
    <None Include="WhatIsGrepy.htm" />
    <None Include="Grepy2Help.hhp" />
    <None Include="Table of Contents.hhc" />
    <None Include="CommandLine.htm" />
    <None Include="Grepy2.htm" />
    <None Include="GrepyDetails.htm" />
    <None Include="Menu.htm" />
    <None Include="Options.htm" />
    <None Include="Search.htm" />
    <None Include="View.htm" />
  </ItemGroup>
  <ItemGroup>
    <Image Include="GrepyExample.PNG" />
    <Image Include="GrepyMenu.PNG" />
    <Image Include="GrepyOptions.PNG" />
    <Image Include="GrepySearch.PNG" />
    <Image Include="GrepyDetails.PNG" />
  </ItemGroup>
</Project>